PODS:
  - Alamofire (5.0.0)
  - AppAssembly (1.0.0):
    - Alamofire
    - AppAssembly/OpenSource (= 1.0.0)
    - AtomicX
    - AtomicXCore-Preview
    - JXPagingView/Paging (= 2.1.2)
    - JXSegmentedView (= 1.3.0)
    - RTCCommon
    - SnapKit
    - Toast-Swift
    - TUICallKit_Swift
    - TUICore
  - AppAssembly/OpenSource (1.0.0):
    - Alamofire
    - AtomicX
    - AtomicXCore-Preview
    - JXPagingView/Paging (= 2.1.2)
    - JXSegmentedView (= 1.3.0)
    - Login/OpenSource
    - RTCCommon
    - SnapKit
    - Toast-Swift
    - TUICallKit_Swift
    - TUICore
  - AtomicX (1.0.0):
    - AtomicXCore-Preview
    - Kingfisher
    - SnapKit
    - TUICore
    - TXIMSDK_Plus_iOS_XCFramework (>= 8.8.7357)
    - TXLiteAVSDK_Professional
  - AtomicXCore-Preview (5.0.0.121):
    - TXIMSDK_Plus_iOS_XCFramework
    - TXLiteAVSDK_Professional (>= 13.4.21067)
  - JXPagingView/Paging (2.1.2)
  - JXSegmentedView (1.3.0)
  - Kingfisher (6.3.1)
  - Login (1.0.0):
    - Login/OpenSource (= 1.0.0)
  - Login/OpenSource (1.0.0):
    - AtomicX
    - Kingfisher
    - SnapKit
    - Toast-Swift
    - TUICore
  - MJRefresh (3.7.5)
  - RTCCommon (1.3.6)
  - SDWebImage (5.21.7):
    - SDWebImage/Core (= 5.21.7)
  - SDWebImage/Core (5.21.7)
  - SnapKit (5.0.1)
  - Toast-Swift (5.1.1)
  - TUICallKit_Swift (1.0.0):
    - AtomicX
    - AtomicXCore-Preview
    - SDWebImage
    - SnapKit
    - TUICallKit_Swift/Professional (= 1.0.0)
    - TUICore
  - TUICallKit_Swift/Professional (1.0.0):
    - AtomicX
    - AtomicXCore-Preview
    - SDWebImage
    - SnapKit
    - TUICore
    - TXLiteAVSDK_Professional
  - TUICore (9.0.7660):
    - SDWebImage
    - TUICore/ImSDK_Plus (= 9.0.7660)
  - TUICore/Base (9.0.7660):
    - SDWebImage
  - TUICore/ImSDK_Plus (9.0.7660):
    - SDWebImage
    - TUICore/Base
    - TXIMSDK_Plus_iOS_XCFramework
  - TXIMSDK_Plus_iOS_XCFramework (9.1.7818)
  - TXLiteAVSDK_Professional (13.4.21067):
    - TXLiteAVSDK_Professional/Professional (= 13.4.21067)
  - TXLiteAVSDK_Professional/Professional (13.4.21067)
  - TXLiteAVSDK_Professional/ReplayKitExt (13.4.21067)

DEPENDENCIES:
  - Alamofire (= 5.0.0)
  - AppAssembly (from `assembly/AppAssembly.podspec`)
  - AtomicX (from `../atomic_x/AtomicX.podspec`)
  - AtomicXCore-Preview
  - Kingfisher (= 6.3.1)
  - Login (from `login/Login.podspec`)
  - MJRefresh (= 3.7.5)
  - SnapKit (= 5.0.1)
  - Toast-Swift
  - TUICallKit_Swift/Professional (from `../call/`)
  - TUICore
  - TXLiteAVSDK_Professional (= 13.4.21067)
  - TXLiteAVSDK_Professional/ReplayKitExt (= 13.4.21067)

SPEC REPOS:
  trunk:
    - Alamofire
    - AtomicXCore-Preview
    - JXPagingView
    - JXSegmentedView
    - Kingfisher
    - MJRefresh
    - RTCCommon
    - SDWebImage
    - SnapKit
    - Toast-Swift
    - TUICore
    - TXIMSDK_Plus_iOS_XCFramework
    - TXLiteAVSDK_Professional

EXTERNAL SOURCES:
  AppAssembly:
    :path: assembly/AppAssembly.podspec
  AtomicX:
    :path: "../atomic_x/AtomicX.podspec"
  Login:
    :path: login/Login.podspec
  TUICallKit_Swift:
    :path: "../call/"

SPEC CHECKSUMS:
  Alamofire: 58ff2bfb8daaacaa233d5c36e37b10a5248f59b1
  AppAssembly: f9c12ee7004ea55d7ee6f4dadb16474354db9638
  AtomicX: b50662f88f98435b9d037b9487c605bcc36161c7
  AtomicXCore-Preview: 0bd08922cc99ce83f51bfda990e7f3acbb6a4948
  JXPagingView: 90924b364a2ff7e94db534fad1fa50925ff69ee4
  JXSegmentedView: fec0d335355b6e019c494fe2e030bde8a36d2df6
  Kingfisher: 016c8b653a35add51dd34a3aba36b580041acc74
  Login: e69666b7b0514bda8e080ddd68cf231dd31a8dc5
  MJRefresh: fdf5e979eb406a0341468932d1dfc8b7f9fce961
  RTCCommon: 728b0a48a0f41ebcfc4c5989883abee7f737d54a
  SDWebImage: e9fc87c1aab89a8ab1bbd74eba378c6f53be8abf
  SnapKit: 97b92857e3df3a0c71833cce143274bf6ef8e5eb
  Toast-Swift: 7a03a532afe3a560d4044bc7c237e2864d295173
  TUICallKit_Swift: d43c330ec06d3aac817ae2cb6019dbc08a3bde04
  TUICore: f23efd42114613206437cfd1cd6934c30d232d3f
  TXIMSDK_Plus_iOS_XCFramework: 5e451a76880a59c99d4abf77eef80b9adf4f8e6b
  TXLiteAVSDK_Professional: 73d77e84c5a8b6c73bc06445662e3871f247e7a5

PODFILE CHECKSUM: a1e0e836561666596ecbe74b61d137bf8007dfac

COCOAPODS: 1.16.2
